
Microsoft Visual Studio Solution File, Format Version 12.00
# Visual Studio Version 17
VisualStudioVersion = 17.1.32421.90
MinimumVisualStudioVersion = 10.0.40219.1
Project("{9A19103F-16F7-4668-BE54-9A1E7A4F7556}") = "TelegramBotView", "TelegramBotView\TelegramBotView.csproj", "{4107C276-411C-4BA4-BC8A-3D10E3B2C061}"
EndProject
Project("{2150E333-8FDC-42A3-9474-1A3956D46DE8}") = "Service", "Service", "{728AD1EA-B1CC-49B8-ADF5-FA4629A4F14A}"
EndProject
Project("{9A19103F-16F7-4668-BE54-9A1E7A4F7556}") = "TelegramService", "Service\TelegramService\TelegramService.csproj", "{6D02C5BA-754A-45AF-9D65-962B672970FD}"
EndProject
Project("{FAE04EC0-301F-11D3-BF4B-00C04F79EFBC}") = "TelegramServiceConnector", "Service\TelegramServiceConnector\TelegramServiceConnector.csproj", "{4813F8DD-A330-4F3B-A7A0-94C8B2263B20}"
EndProject
Global
	GlobalSection(SolutionConfigurationPlatforms) = preSolution
		Debug|Any CPU = Debug|Any CPU
		Debug|x64 = Debug|x64
		Release|Any CPU = Release|Any CPU
		Release|x64 = Release|x64
	EndGlobalSection
	GlobalSection(ProjectConfigurationPlatforms) = postSolution
		{4107C276-411C-4BA4-BC8A-3D10E3B2C061}.Debug|Any CPU.ActiveCfg = Debug|Any CPU
		{4107C276-411C-4BA4-BC8A-3D10E3B2C061}.Debug|Any CPU.Build.0 = Debug|Any CPU
		{4107C276-411C-4BA4-BC8A-3D10E3B2C061}.Debug|x64.ActiveCfg = Debug|x64
		{4107C276-411C-4BA4-BC8A-3D10E3B2C061}.Debug|x64.Build.0 = Debug|x64
		{4107C276-411C-4BA4-BC8A-3D10E3B2C061}.Release|Any CPU.ActiveCfg = Release|Any CPU
		{4107C276-411C-4BA4-BC8A-3D10E3B2C061}.Release|Any CPU.Build.0 = Release|Any CPU
		{4107C276-411C-4BA4-BC8A-3D10E3B2C061}.Release|x64.ActiveCfg = Release|x64
		{4107C276-411C-4BA4-BC8A-3D10E3B2C061}.Release|x64.Build.0 = Release|x64
		{6D02C5BA-754A-45AF-9D65-962B672970FD}.Debug|Any CPU.ActiveCfg = Debug|Any CPU
		{6D02C5BA-754A-45AF-9D65-962B672970FD}.Debug|Any CPU.Build.0 = Debug|Any CPU
		{6D02C5BA-754A-45AF-9D65-962B672970FD}.Debug|x64.ActiveCfg = Debug|Any CPU
		{6D02C5BA-754A-45AF-9D65-962B672970FD}.Debug|x64.Build.0 = Debug|Any CPU
		{6D02C5BA-754A-45AF-9D65-962B672970FD}.Release|Any CPU.ActiveCfg = Release|Any CPU
		{6D02C5BA-754A-45AF-9D65-962B672970FD}.Release|Any CPU.Build.0 = Release|Any CPU
		{6D02C5BA-754A-45AF-9D65-962B672970FD}.Release|x64.ActiveCfg = Release|Any CPU
		{6D02C5BA-754A-45AF-9D65-962B672970FD}.Release|x64.Build.0 = Release|Any CPU
		{4813F8DD-A330-4F3B-A7A0-94C8B2263B20}.Debug|Any CPU.ActiveCfg = Debug|Any CPU
		{4813F8DD-A330-4F3B-A7A0-94C8B2263B20}.Debug|Any CPU.Build.0 = Debug|Any CPU
		{4813F8DD-A330-4F3B-A7A0-94C8B2263B20}.Debug|x64.ActiveCfg = Debug|Any CPU
		{4813F8DD-A330-4F3B-A7A0-94C8B2263B20}.Debug|x64.Build.0 = Debug|Any CPU
		{4813F8DD-A330-4F3B-A7A0-94C8B2263B20}.Release|Any CPU.ActiveCfg = Release|Any CPU
		{4813F8DD-A330-4F3B-A7A0-94C8B2263B20}.Release|Any CPU.Build.0 = Release|Any CPU
		{4813F8DD-A330-4F3B-A7A0-94C8B2263B20}.Release|x64.ActiveCfg = Release|Any CPU
		{4813F8DD-A330-4F3B-A7A0-94C8B2263B20}.Release|x64.Build.0 = Release|Any CPU
	EndGlobalSection
	GlobalSection(SolutionProperties) = preSolution
		HideSolutionNode = FALSE
	EndGlobalSection
	GlobalSection(NestedProjects) = preSolution
		{6D02C5BA-754A-45AF-9D65-962B672970FD} = {728AD1EA-B1CC-49B8-ADF5-FA4629A4F14A}
		{4813F8DD-A330-4F3B-A7A0-94C8B2263B20} = {728AD1EA-B1CC-49B8-ADF5-FA4629A4F14A}
	EndGlobalSection
	GlobalSection(ExtensibilityGlobals) = postSolution
		SolutionGuid = {88C02BC9-BBDE-4214-AF68-3C86C7346A50}
	EndGlobalSection
EndGlobal
